{
  "nodes": {
    "flake-utils": {
      "inputs": {
        "systems": "systems"
      },
      "locked": {
        "lastModified": 1731533236,
        "narHash": "sha256-l0KFg5HjrsfsO/JpG+r7fRrqm12kzFHyUHqHCVpMMbI=",
        "owner": "numtide",
        "repo": "flake-utils",
        "rev": "11707dc2f618dd54ca8739b309ec4fc024de578b",
        "type": "github"
      },
      "original": {
        "owner": "numtide",
        "repo": "flake-utils",
        "type": "github"
      }
    },
    "home-manager": {
      "inputs": {
        "nixpkgs": [
          "nixpkgs"
        ]
      },
      "locked": {
        "lastModified": 1789182507,
        "narHash": "sha256-9nt4W0HNNP84B+b37yRs9Zxat1ZR5guJxEZDEjAgex4=",
        "owner": "nix-community",
        "repo": "home-manager",
        "rev": "b1d1b60084970f9d1e2b72662639dab6d039be71",
        "type": "github"
      },
      "original": {
        "owner": "nix-community",
        "ref": "release-26.05",
        "repo": "home-manager",
        "type": "github"
      }
    },
    "nixpkgs": {
      "locked": {
        "lastModified": 1777578337,
        "narHash": "sha256-Ad49moKWeXtKBJNy2ebiTQUEgdLyvGmTeykAQ9xM+Z4=",
        "owner": "nixos",
        "repo": "nixpkgs",
        "rev": "15f4ee454b1dce334612fa6843b3e05cf546efab",
        "type": "github"
      },
      "original": {
        "owner": "nixos",
        "ref": "nixos-unstable",
        "repo": "nixpkgs",
        "type": "github"
      }
    },
    "nixpkgs_2": {
      "locked": {
        "lastModified": 1788752844,
        "narHash": "sha256-VaWGJ6+cIYN2erfSecbRV+4ljI185Ty2wUrXyvQbgOw=",
        "owner": "nixos",
        "repo": "nixpkgs",
        "rev": "dc5d91f840324650bac8c379428c7037a416959a",
        "type": "github"
      },
      "original": {
        "owner": "nixos",
        "ref": "nixos-unstable",
        "repo": "nixpkgs",
        "type": "github"
      }
    },
    "opencode-nix": {
      "inputs": {
        "flake-utils": "flake-utils",
        "nixpkgs": [
          "nixpkgs"
        ]
      },
      "locked": {
        "lastModified": 1777751810,
        "narHash": "sha256-TmzGCWisrM0vwaUQ3PKllFSNx+FKZnNy0Hoiv7Rpbeo=",
        "owner": "dan-online",
        "repo": "opencode-nix",
        "rev": "5df603be7358122487e41f1249f7df107f3ab43e",
        "type": "github"
      },
      "original": {
        "owner": "dan-online",
        "repo": "opencode-nix",
        "type": "github"
      }
    },
    "root": {
      "inputs": {
        "home-manager": "home-manager",
        "nixpkgs": "nixpkgs",
        "opencode-nix": "opencode-nix",
        "serpantinum": "serpantinum",
        "shell-wallpapers": "shell-wallpapers"
      }
    },
    "serpantinum": {
      "inputs": {
        "nixpkgs": "nixpkgs_2",
        "serpantinum-wallpapers": "serpantinum-wallpapers"
      },
      "locked": {
        "lastModified": 1789166170,
        "narHash": "sha256-O8stu66Uzbwu6eeyit5rEOjD8jAGWZ63LI/Zhazw48s=",
        "ref": "refs/heads/master",
        "rev": "f24a10c264731c0991e7deac76c602698a6c237f",
        "shallow": true,
        "type": "git",
        "url": "https://github.com/ilyamiro/serpantinum"
      },
      "original": {
        "shallow": true,
        "type": "git",
        "url": "https://github.com/ilyamiro/serpantinum"
      }
    },
    "serpantinum-wallpapers": {
      "flake": false,
      "locked": {
        "lastModified": 1787675697,
        "narHash": "sha256-ADvKHmQDsX50opqeiyEAB3uxUTjuCyDym0pGQCy7Sws=",
        "owner": "ilyamiro",
        "repo": "shell-wallpapers",
        "rev": "1cb526443872fbf283a3f8305c3aa647545c02e4",
        "type": "github"
      },
      "original": {
        "owner": "ilyamiro",
        "repo": "shell-wallpapers",
        "type": "github"
      }
    },
    "shell-wallpapers": {
      "flake": false,
      "locked": {
        "lastModified": 1789127588,
        "narHash": "sha256-L3xRtDXH1ERwVIP+ztT6qn7YYh3aHpfpy1/nvyjvKIc=",
        "ref": "refs/heads/master",
        "rev": "4f5994aff60403f88d3f0378e6f9c9d0a00b0289",
        "shallow": true,
        "type": "git",
        "url": "https://github.com/ilyamiro/shell-wallpapers"
      },
      "original": {
        "shallow": true,
        "type": "git",
        "url": "https://github.com/ilyamiro/shell-wallpapers"
      }
    },
    "systems": {
      "locked": {
        "lastModified": 1681028828,
        "narHash": "sha256-Vy1rq5AaRuLzOxct8nz4T6wlgyUR7zLU309k9mBC768=",
        "owner": "nix-systems",
        "repo": "default",
        "rev": "da67096a3b9bf56a91d16901293e51ba5b49a27e",
        "type": "github"
      },
      "original": {
        "owner": "nix-systems",
        "repo": "default",
        "type": "github"
      }
    }
  },
  "root": "root",
  "version": 7
}
