{
  "nodes": {
    "caelestia-cli": {
      "inputs": {
        "caelestia-shell": [
          "caelestia-shell"
        ],
        "nixpkgs": [
          "caelestia-shell",
          "nixpkgs"
        ]
      },
      "locked": {
        "lastModified": 1777726295,
        "narHash": "sha256-Db9B3uTLDSj7zjQ4L3tIk9RcxHXbWRKw5fw8JozikyI=",
        "owner": "caelestia-dots",
        "repo": "cli",
        "rev": "a00e71d6b7572a8dbbb7945a45b79acf2401ad56",
        "type": "github"
      },
      "original": {
        "owner": "caelestia-dots",
        "repo": "cli",
        "type": "github"
      }
    },
    "caelestia-shell": {
      "inputs": {
        "caelestia-cli": "caelestia-cli",
        "nixpkgs": [
          "nixpkgs"
        ],
        "quickshell": "quickshell"
      },
      "locked": {
        "lastModified": 1777891103,
        "narHash": "sha256-/b87CUV9NEh4YYtG6tGGbbSJurqkfwZQ5rZNiIBJWYw=",
        "owner": "caelestia-dots",
        "repo": "shell",
        "rev": "54cdd80c1b7671deeb057cc554f83e436765596a",
        "type": "github"
      },
      "original": {
        "owner": "caelestia-dots",
        "repo": "shell",
        "type": "github"
      }
    },
    "flake-utils": {
      "inputs": {
        "systems": "systems"
      },
      "locked": {
        "lastModified": 1731533236,
        "narHash": "sha256-l0KFg5HjrsfsO/JpG+r7fRrqm12kzFHyUHqHCVpMMbI=",
        "owner": "numtide",
        "repo": "flake-utils",
        "rev": "11707dc2f618dd54ca8739b309ec4fc024de578b",
        "type": "github"
      },
      "original": {
        "owner": "numtide",
        "repo": "flake-utils",
        "type": "github"
      }
    },
    "home-manager": {
      "inputs": {
        "nixpkgs": [
          "nixpkgs"
        ]
      },
      "locked": {
        "lastModified": 1789182507,
        "narHash": "sha256-9nt4W0HNNP84B+b37yRs9Zxat1ZR5guJxEZDEjAgex4=",
        "owner": "nix-community",
        "repo": "home-manager",
        "rev": "b1d1b60084970f9d1e2b72662639dab6d039be71",
        "type": "github"
      },
      "original": {
        "owner": "nix-community",
        "ref": "release-26.05",
        "repo": "home-manager",
        "type": "github"
      }
    },
    "nixpkgs": {
      "locked": {
        "lastModified": 1777578337,
        "narHash": "sha256-Ad49moKWeXtKBJNy2ebiTQUEgdLyvGmTeykAQ9xM+Z4=",
        "owner": "nixos",
        "repo": "nixpkgs",
        "rev": "15f4ee454b1dce334612fa6843b3e05cf546efab",
        "type": "github"
      },
      "original": {
        "owner": "nixos",
        "ref": "nixos-unstable",
        "repo": "nixpkgs",
        "type": "github"
      }
    },
    "opencode-nix": {
      "inputs": {
        "flake-utils": "flake-utils",
        "nixpkgs": [
          "nixpkgs"
        ]
      },
      "locked": {
        "lastModified": 1777751810,
        "narHash": "sha256-TmzGCWisrM0vwaUQ3PKllFSNx+FKZnNy0Hoiv7Rpbeo=",
        "owner": "dan-online",
        "repo": "opencode-nix",
        "rev": "5df603be7358122487e41f1249f7df107f3ab43e",
        "type": "github"
      },
      "original": {
        "owner": "dan-online",
        "repo": "opencode-nix",
        "type": "github"
      }
    },
    "quickshell": {
      "inputs": {
        "nixpkgs": [
          "caelestia-shell",
          "nixpkgs"
        ]
      },
      "locked": {
        "lastModified": 1777706159,
        "narHash": "sha256-TuD8hw9lkRCEb+6v93iB7HDvcmvH8R0qyD6wBmPGfv8=",
        "ref": "refs/heads/master",
        "rev": "8db8ca1fecfcce8def1f9265fa1742baa0e0c271",
        "revCount": 813,
        "type": "git",
        "url": "https://git.outfoxxed.me/outfoxxed/quickshell"
      },
      "original": {
        "type": "git",
        "url": "https://git.outfoxxed.me/outfoxxed/quickshell"
      }
    },
    "root": {
      "inputs": {
        "caelestia-shell": "caelestia-shell",
        "home-manager": "home-manager",
        "nixpkgs": "nixpkgs",
        "opencode-nix": "opencode-nix"
      }
    },
    "systems": {
      "locked": {
        "lastModified": 1681028828,
        "narHash": "sha256-Vy1rq5AaRuLzOxct8nz4T6wlgyUR7zLU309k9mBC768=",
        "owner": "nix-systems",
        "repo": "default",
        "rev": "da67096a3b9bf56a91d16901293e51ba5b49a27e",
        "type": "github"
      },
      "original": {
        "owner": "nix-systems",
        "repo": "default",
        "type": "github"
      }
    }
  },
  "root": "root",
  "version": 7
}
